
Microsoft Visual Studio Solution File, Format Version 12.00
# Visual Studio Version 17
VisualStudioVersion = 17.1.32407.343
MinimumVisualStudioVersion = 10.0.40219.1
Project("{FAE04EC0-301F-11D3-BF4B-00C04F79EFBC}") = "Chess.Game.Domain", "Chess.Game.Domain\Chess.Game.Domain.csproj", "{0815612B-A45C-49A2-AAB7-DB6F1013A93B}"
EndProject
Global
	GlobalSection(SolutionConfigurationPlatforms) = preSolution
		Debug|Any CPU = Debug|Any CPU
		Release|Any CPU = Release|Any CPU
	EndGlobalSection
	GlobalSection(ProjectConfigurationPlatforms) = postSolution
		{0815612B-A45C-49A2-AAB7-DB6F1013A93B}.Debug|Any CPU.ActiveCfg = Debug|Any CPU
		{0815612B-A45C-49A2-AAB7-DB6F1013A93B}.Debug|Any CPU.Build.0 = Debug|Any CPU
		{0815612B-A45C-49A2-AAB7-DB6F1013A93B}.Release|Any CPU.ActiveCfg = Release|Any CPU
		{0815612B-A45C-49A2-AAB7-DB6F1013A93B}.Release|Any CPU.Build.0 = Release|Any CPU
	EndGlobalSection
	GlobalSection(SolutionProperties) = preSolution
		HideSolutionNode = FALSE
	EndGlobalSection
	GlobalSection(ExtensibilityGlobals) = postSolution
		SolutionGuid = {54EACD71-68B5-4C69-B25D-C85E5C6B76A5}
	EndGlobalSection
EndGlobal
